
Microsoft Visual Studio Solution File, Format Version 12.00
# Visual Studio Version 17
VisualStudioVersion = 17.8.34511.84
MinimumVisualStudioVersion = 10.0.40219.1
Project("{FAE04EC0-301F-11D3-BF4B-00C04F79EFBC}") = "FileTask1", "FileTask1\FileTask1.csproj", "{B7028FC6-EE25-405E-BFA3-7C3FD61DD104}"
EndProject
Global
	GlobalSection(SolutionConfigurationPlatforms) = preSolution
		Debug|Any CPU = Debug|Any CPU
		Release|Any CPU = Release|Any CPU
	EndGlobalSection
	GlobalSection(ProjectConfigurationPlatforms) = postSolution
		{B7028FC6-EE25-405E-BFA3-7C3FD61DD104}.Debug|Any CPU.ActiveCfg = Debug|Any CPU
		{B7028FC6-EE25-405E-BFA3-7C3FD61DD104}.Debug|Any CPU.Build.0 = Debug|Any CPU
		{B7028FC6-EE25-405E-BFA3-7C3FD61DD104}.Release|Any CPU.ActiveCfg = Release|Any CPU
		{B7028FC6-EE25-405E-BFA3-7C3FD61DD104}.Release|Any CPU.Build.0 = Release|Any CPU
	EndGlobalSection
	GlobalSection(SolutionProperties) = preSolution
		HideSolutionNode = FALSE
	EndGlobalSection
	GlobalSection(ExtensibilityGlobals) = postSolution
		SolutionGuid = {187B765E-C437-4E86-B658-081560BACAF5}
	EndGlobalSection
EndGlobal
